schema: '2.0'
stages:
  stage_name:
    cmd: python src/parse_site_data.py
    deps:
    - path: data/mf_sites
      hash: md5
      md5: c76890a1546d53affdc3379c72a4ce76.dir
      size: 6655444663
      nfiles: 314974
    - path: src/parse_site_data.py
      hash: md5
      md5: 40a13842e8d48e14435421639d2e3152
      size: 2940
    outs:
    - path: data/metrics/site_label_metrics.json
      hash: md5
      md5: 6fb44b5fced884503be1d47508145ff3
      size: 99
    - path: data/site_labels.csv
      hash: md5
      md5: ec0d15f08c081acc9d39eb7902bf1105
      size: 8570349
  1.2_create_dataset:
    cmd: python pipeline/1.2_create_dataset.py
    deps:
    - path: data/mf_sites
      hash: md5
      md5: 73e0b7eee217068d63aee98df6740fac.dir
      size: 5383821905
      nfiles: 314920
    - path: pipeline/1.2_create_dataset.py
      hash: md5
      md5: 13b38ed5d28e3af40ee6d3be769575ab
      size: 4261
    params:
      params.yaml:
        data.aggregate_uncommon: true
        data.metal_known: false
        data.model_hydrogens: false
        data.test_frac: 0.05
    outs:
    - path: data/dataset/metal_site_dataset
      hash: md5
      md5: 073db9a3f1ea26223777c3abbf416dd7.dir
      size: 3291760765
      nfiles: 13
    - path: data/dataset/tokenizer.pkl
      hash: md5
      md5: 504a06ed37a177a221550fd831fb7f09
      size: 1192
  1.3_get_avg_num_neighbors:
    cmd: python pipeline/1.3_get_avg_num_neighbors.py
    deps:
    - path: data/dataset/metal_site_dataset
      hash: md5
      md5: 073db9a3f1ea26223777c3abbf416dd7.dir
      size: 3291760765
      nfiles: 13
    - path: pipeline/1.3_get_avg_num_neighbors.py
      hash: md5
      md5: 80965d7f67a61a456083685eee554bfe
      size: 1757
    params:
      params.yaml:
        model.max_radius: 5
    outs:
    - path: data/training_avg_num_neighbors.json
      hash: md5
      md5: 2e0f6cdceda6ccf3427e128194a9de83
      size: 40
  1.1_parse_site_data:
    cmd: python pipeline/1.1_parse_site_data.py
    deps:
    - path: data/mf_sites
      hash: md5
      md5: 73e0b7eee217068d63aee98df6740fac.dir
      size: 5383821905
      nfiles: 314920
    - path: pipeline/1.1_parse_site_data.py
      hash: md5
      md5: 40a13842e8d48e14435421639d2e3152
      size: 2940
    outs:
    - path: data/metrics/site_label_metrics.json
      hash: md5
      md5: 6fb44b5fced884503be1d47508145ff3
      size: 99
    - path: data/site_labels.csv
      hash: md5
      md5: ec0d15f08c081acc9d39eb7902bf1105
      size: 8570349
  2.1_self_supervised_training:
    cmd: accelerate launch pipeline/2.1_self_supervised_training.py
    deps:
    - path: data/dataset/metal_site_dataset
      hash: md5
      md5: 073db9a3f1ea26223777c3abbf416dd7.dir
      size: 3291760765
      nfiles: 13
    - path: data/dataset/tokenizer.pkl
      hash: md5
      md5: 504a06ed37a177a221550fd831fb7f09
      size: 1192
    - path: data/metrics/null_model_metrics.json
      hash: md5
      md5: a8333240a5021094ef74b1cac06350c2
      size: 514
    - path: data/toy_dataset
      hash: md5
      md5: e639727923cda1a31d57bb003c8c87be.dir
      size: 14854821
      nfiles: 7
    - path: data/training_avg_num_neighbors.json
      hash: md5
      md5: 2e0f6cdceda6ccf3427e128194a9de83
      size: 40
    - path: pipeline/2.1_self_supervised_training.py
      hash: md5
      md5: 158e33dadaa2f4d8cc6a19928c13b5ce
      size: 8656
    params:
      params.yaml:
        embedding.hdbscan_alpha: 1.0
        embedding.hdbscan_min_cluster_size: 5
        embedding.hdbscan_min_samples: 5
        embedding.hidden_state: -1
        embedding.how: <METAL>_mean
        embedding.tsne_learning_rate: auto
        embedding.tsne_n_iter: 1000
        embedding.tsne_perplexity: 30
        model.alpha_drop: 0.1
        model.atom_embed_dim: 32
        model.drop_path_rate: 0.0
        model.fc_neurons:
        - 64
        - 64
        model.hidden_scale: 128
        model.hidden_scale_decay: 0.25
        model.imbalance_loss_reweight: true
        model.imbalance_loss_temperature: 0.3
        model.l: 2
        model.label_smoothing_factor: 0.1
        model.max_radius: 5
        model.num_basis: 128
        model.num_heads: 8
        model.num_layers: 18
        model.proj_drop: 0.0
        training.dataloader_num_workers: 1
        training.debug_sample:
        training.debug_use_toy: false
        training.early_stopping_improvement_fraction: 0.001
        training.early_stopping_patience: 5
        training.eval_steps: 150
        training.frac_noise_loss: 0.5
        training.gradient_accumulation_steps: 24
        training.gradient_clipping: 1.0
        training.learning_rate: 5e-05
        training.load_best_model_at_end: true
        training.logging_steps: 24
        training.mask_rate: 0.15
        training.noise_rate: 0.15
        training.noise_scale: 0.7
        training.num_epochs: 5
        training.per_device_batch_size: 6
        training.use_early_stopping: true
        training.warmup_pct: 0.1
        training.weight_decay: 0.001
    outs:
    - path: data/model_pretraining/checkpoints
      hash: md5
      md5: 83f13378fa667cd4679ac05d01ad5bca.dir
      size: 1472164820
      nfiles: 45
    - path: data/model_pretraining/dvclive/metrics.json
      hash: md5
      md5: eef9919371fc10c023adae529d892df6
      size: 518
    - path: data/model_pretraining/dvclive/plots/custom/eval_2d_space.json
      hash: md5
      md5: 8a2e7163504fc78c39b682ac9e22ee40
      size: 155301
    - path: data/model_pretraining/dvclive/plots/metrics
      hash: md5
      md5: 9ffab1081a5cdeaf55041d6a05719b76.dir
      size: 19950
      nfiles: 11
    - path: data/model_pretraining/eval_2d_space
      hash: md5
      md5: 98757f4e4919b22631b3fa82c9765b53.dir
      size: 1775324
      nfiles: 35
    - path: data/model_pretraining/final_model
      hash: md5
      md5: 25c740143b00a5ff85d9f3687eddd8d4.dir
      size: 98421693
      nfiles: 2
    - path: data/plots/atom_weights.png
      hash: md5
      md5: efb56f0dfb86c040e4d11addeff6a026
      size: 56002
  1.4_compute_null_model:
    cmd: python pipeline/1.4_compute_null_model.py
    deps:
    - path: data/dataset/metal_site_dataset
      hash: md5
      md5: 073db9a3f1ea26223777c3abbf416dd7.dir
      size: 3291760765
      nfiles: 13
    - path: data/dataset/tokenizer.pkl
      hash: md5
      md5: 504a06ed37a177a221550fd831fb7f09
      size: 1192
    - path: data/toy_dataset
      hash: md5
      md5: e639727923cda1a31d57bb003c8c87be.dir
      size: 14854821
      nfiles: 7
    - path: pipeline/1.4_compute_null_model.py
      hash: md5
      md5: aab2434b5a4ff7f963e999ebff4c5a4a
      size: 3991
    params:
      params.yaml:
        training.debug_use_toy: false
        training.mask_rate: 0.15
        training.noise_rate: 0.15
        training.noise_scale: 0.7
    outs:
    - path: data/metrics/null_model_metrics.json
      hash: md5
      md5: a8333240a5021094ef74b1cac06350c2
      size: 514
